
Microsoft Visual Studio Solution File, Format Version 12.00
# Visual Studio 14
VisualStudioVersion = 14.0.25420.1
MinimumVisualStudioVersion = 10.0.40219.1
Project("{2150E333-8FDC-42A3-9474-1A3956D46DE8}") = "src", "src", "{10A67677-08E6-493D-A6A9-594C1FBE98DC}"
EndProject
Project("{8BB2217D-0F2D-49D1-97BC-3654ED321F3B}") = "Dto", "src\Dto\Dto.xproj", "{AF9E4221-1381-4BE9-9D70-48C1A0C111B6}"
EndProject
Project("{8BB2217D-0F2D-49D1-97BC-3654ED321F3B}") = "Core", "src\Core\Core.xproj", "{7BDBD35D-1293-4660-BCD1-79A27D6AF77F}"
EndProject
Project("{8BB2217D-0F2D-49D1-97BC-3654ED321F3B}") = "BusinessLogic", "src\BusinessLogic\BusinessLogic.xproj", "{C44BBD54-79D3-47C8-8269-3F892D3C92E4}"
EndProject
Project("{8BB2217D-0F2D-49D1-97BC-3654ED321F3B}") = "SQLDataAccess", "src\SQLDataAccess\SQLDataAccess.xproj", "{7D307FE4-3A93-40E7-A886-294293531068}"
EndProject
Project("{8BB2217D-0F2D-49D1-97BC-3654ED321F3B}") = "Api", "src\Api\Api.xproj", "{1C7C8A30-458D-4C54-8CC6-926707AC25CA}"
EndProject
Project("{2150E333-8FDC-42A3-9474-1A3956D46DE8}") = "test", "test", "{F508E862-A472-4D96-99E0-BC21E3D0C360}"
EndProject
Project("{8BB2217D-0F2D-49D1-97BC-3654ED321F3B}") = "ApiTest", "test\ApiTest\ApiTest.xproj", "{6D744107-56A8-4188-9C59-1AC66334BF6B}"
EndProject
Project("{8BB2217D-0F2D-49D1-97BC-3654ED321F3B}") = "EntityFrameworkDataAccess", "src\EntityFrameworkDataAccess\EntityFrameworkDataAccess.xproj", "{E63B2FB7-2B53-4674-9D5D-3C1DD8D04F39}"
EndProject
Global
	GlobalSection(SolutionConfigurationPlatforms) = preSolution
		Debug|Any CPU = Debug|Any CPU
		Release|Any CPU = Release|Any CPU
	EndGlobalSection
	GlobalSection(ProjectConfigurationPlatforms) = postSolution
		{AF9E4221-1381-4BE9-9D70-48C1A0C111B6}.Debug|Any CPU.ActiveCfg = Debug|Any CPU
		{AF9E4221-1381-4BE9-9D70-48C1A0C111B6}.Debug|Any CPU.Build.0 = Debug|Any CPU
		{AF9E4221-1381-4BE9-9D70-48C1A0C111B6}.Release|Any CPU.ActiveCfg = Release|Any CPU
		{AF9E4221-1381-4BE9-9D70-48C1A0C111B6}.Release|Any CPU.Build.0 = Release|Any CPU
		{7BDBD35D-1293-4660-BCD1-79A27D6AF77F}.Debug|Any CPU.ActiveCfg = Debug|Any CPU
		{7BDBD35D-1293-4660-BCD1-79A27D6AF77F}.Debug|Any CPU.Build.0 = Debug|Any CPU
		{7BDBD35D-1293-4660-BCD1-79A27D6AF77F}.Release|Any CPU.ActiveCfg = Release|Any CPU
		{7BDBD35D-1293-4660-BCD1-79A27D6AF77F}.Release|Any CPU.Build.0 = Release|Any CPU
		{C44BBD54-79D3-47C8-8269-3F892D3C92E4}.Debug|Any CPU.ActiveCfg = Debug|Any CPU
		{C44BBD54-79D3-47C8-8269-3F892D3C92E4}.Debug|Any CPU.Build.0 = Debug|Any CPU
		{C44BBD54-79D3-47C8-8269-3F892D3C92E4}.Release|Any CPU.ActiveCfg = Release|Any CPU
		{C44BBD54-79D3-47C8-8269-3F892D3C92E4}.Release|Any CPU.Build.0 = Release|Any CPU
		{7D307FE4-3A93-40E7-A886-294293531068}.Debug|Any CPU.ActiveCfg = Debug|Any CPU
		{7D307FE4-3A93-40E7-A886-294293531068}.Debug|Any CPU.Build.0 = Debug|Any CPU
		{7D307FE4-3A93-40E7-A886-294293531068}.Release|Any CPU.ActiveCfg = Release|Any CPU
		{7D307FE4-3A93-40E7-A886-294293531068}.Release|Any CPU.Build.0 = Release|Any CPU
		{1C7C8A30-458D-4C54-8CC6-926707AC25CA}.Debug|Any CPU.ActiveCfg = Debug|Any CPU
		{1C7C8A30-458D-4C54-8CC6-926707AC25CA}.Debug|Any CPU.Build.0 = Debug|Any CPU
		{1C7C8A30-458D-4C54-8CC6-926707AC25CA}.Release|Any CPU.ActiveCfg = Release|Any CPU
		{1C7C8A30-458D-4C54-8CC6-926707AC25CA}.Release|Any CPU.Build.0 = Release|Any CPU
		{6D744107-56A8-4188-9C59-1AC66334BF6B}.Debug|Any CPU.ActiveCfg = Debug|Any CPU
		{6D744107-56A8-4188-9C59-1AC66334BF6B}.Debug|Any CPU.Build.0 = Debug|Any CPU
		{6D744107-56A8-4188-9C59-1AC66334BF6B}.Release|Any CPU.ActiveCfg = Release|Any CPU
		{6D744107-56A8-4188-9C59-1AC66334BF6B}.Release|Any CPU.Build.0 = Release|Any CPU
		{E63B2FB7-2B53-4674-9D5D-3C1DD8D04F39}.Debug|Any CPU.ActiveCfg = Debug|Any CPU
		{E63B2FB7-2B53-4674-9D5D-3C1DD8D04F39}.Debug|Any CPU.Build.0 = Debug|Any CPU
		{E63B2FB7-2B53-4674-9D5D-3C1DD8D04F39}.Release|Any CPU.ActiveCfg = Release|Any CPU
		{E63B2FB7-2B53-4674-9D5D-3C1DD8D04F39}.Release|Any CPU.Build.0 = Release|Any CPU
	EndGlobalSection
	GlobalSection(SolutionProperties) = preSolution
		HideSolutionNode = FALSE
	EndGlobalSection
	GlobalSection(NestedProjects) = preSolution
		{AF9E4221-1381-4BE9-9D70-48C1A0C111B6} = {10A67677-08E6-493D-A6A9-594C1FBE98DC}
		{7BDBD35D-1293-4660-BCD1-79A27D6AF77F} = {10A67677-08E6-493D-A6A9-594C1FBE98DC}
		{C44BBD54-79D3-47C8-8269-3F892D3C92E4} = {10A67677-08E6-493D-A6A9-594C1FBE98DC}
		{7D307FE4-3A93-40E7-A886-294293531068} = {10A67677-08E6-493D-A6A9-594C1FBE98DC}
		{1C7C8A30-458D-4C54-8CC6-926707AC25CA} = {10A67677-08E6-493D-A6A9-594C1FBE98DC}
		{6D744107-56A8-4188-9C59-1AC66334BF6B} = {F508E862-A472-4D96-99E0-BC21E3D0C360}
		{E63B2FB7-2B53-4674-9D5D-3C1DD8D04F39} = {10A67677-08E6-493D-A6A9-594C1FBE98DC}
	EndGlobalSection
EndGlobal
