
Microsoft Visual Studio Solution File, Format Version 12.00
# Visual Studio 14
VisualStudioVersion = 14.0.25420.1
MinimumVisualStudioVersion = 10.0.40219.1
Project("{2150E333-8FDC-42A3-9474-1A3956D46DE8}") = "DP", "DP", "{66578BF5-DC46-4CB6-BB6F-AE55D9C7C413}"
EndProject
Project("{FAE04EC0-301F-11D3-BF4B-00C04F79EFBC}") = "DP", "DP\DP.csproj", "{5032DAF0-62AF-4270-8D65-6866CA62443F}"
EndProject
Project("{2150E333-8FDC-42A3-9474-1A3956D46DE8}") = "C_Has", "C_Has", "{A3F37B9D-D5C6-4772-ABD5-4B5D85528F16}"
EndProject
Project("{FAE04EC0-301F-11D3-BF4B-00C04F79EFBC}") = "C_Has", "C_Has\C_Has.csproj", "{FC2191AA-AAB3-48BF-9D43-51EE8B81712C}"
EndProject
Project("{2150E333-8FDC-42A3-9474-1A3956D46DE8}") = "LINQ", "LINQ", "{B0152CDA-DFFE-40A9-9460-B9C748FA2E3C}"
EndProject
Project("{FAE04EC0-301F-11D3-BF4B-00C04F79EFBC}") = "LINQ", "LINQ\LINQ.csproj", "{BBDC089B-7ADE-479B-9832-9E3043921265}"
EndProject
Project("{2150E333-8FDC-42A3-9474-1A3956D46DE8}") = "DependencyInjection", "DependencyInjection", "{4039A1E0-A17B-454A-9DB9-8B0AC7ACB818}"
EndProject
Project("{2150E333-8FDC-42A3-9474-1A3956D46DE8}") = "Chapter_1", "Chapter_1", "{2F9E3EEF-A18F-4C79-9528-8F3E071EF3A4}"
EndProject
Project("{2150E333-8FDC-42A3-9474-1A3956D46DE8}") = "Chapter_2", "Chapter_2", "{BB810E56-A796-4597-B4C2-D21DED6A1130}"
EndProject
Project("{2150E333-8FDC-42A3-9474-1A3956D46DE8}") = "Chapter_3", "Chapter_3", "{07E5811E-3493-44F1-8DC3-40870F2D46D9}"
EndProject
Project("{FAE04EC0-301F-11D3-BF4B-00C04F79EFBC}") = "DependencyInjection", "DependencyInjection\Chapter_1\DependencyInjection\DependencyInjection.csproj", "{06A277E5-147D-4DC4-AA55-4A89B14CF26D}"
EndProject
Global
	GlobalSection(SolutionConfigurationPlatforms) = preSolution
		Debug|Any CPU = Debug|Any CPU
		Release|Any CPU = Release|Any CPU
	EndGlobalSection
	GlobalSection(ProjectConfigurationPlatforms) = postSolution
		{5032DAF0-62AF-4270-8D65-6866CA62443F}.Debug|Any CPU.ActiveCfg = Debug|Any CPU
		{5032DAF0-62AF-4270-8D65-6866CA62443F}.Debug|Any CPU.Build.0 = Debug|Any CPU
		{5032DAF0-62AF-4270-8D65-6866CA62443F}.Release|Any CPU.ActiveCfg = Release|Any CPU
		{5032DAF0-62AF-4270-8D65-6866CA62443F}.Release|Any CPU.Build.0 = Release|Any CPU
		{FC2191AA-AAB3-48BF-9D43-51EE8B81712C}.Debug|Any CPU.ActiveCfg = Debug|Any CPU
		{FC2191AA-AAB3-48BF-9D43-51EE8B81712C}.Debug|Any CPU.Build.0 = Debug|Any CPU
		{FC2191AA-AAB3-48BF-9D43-51EE8B81712C}.Release|Any CPU.ActiveCfg = Release|Any CPU
		{FC2191AA-AAB3-48BF-9D43-51EE8B81712C}.Release|Any CPU.Build.0 = Release|Any CPU
		{BBDC089B-7ADE-479B-9832-9E3043921265}.Debug|Any CPU.ActiveCfg = Debug|Any CPU
		{BBDC089B-7ADE-479B-9832-9E3043921265}.Debug|Any CPU.Build.0 = Debug|Any CPU
		{BBDC089B-7ADE-479B-9832-9E3043921265}.Release|Any CPU.ActiveCfg = Release|Any CPU
		{BBDC089B-7ADE-479B-9832-9E3043921265}.Release|Any CPU.Build.0 = Release|Any CPU
		{06A277E5-147D-4DC4-AA55-4A89B14CF26D}.Debug|Any CPU.ActiveCfg = Debug|Any CPU
		{06A277E5-147D-4DC4-AA55-4A89B14CF26D}.Debug|Any CPU.Build.0 = Debug|Any CPU
		{06A277E5-147D-4DC4-AA55-4A89B14CF26D}.Release|Any CPU.ActiveCfg = Release|Any CPU
		{06A277E5-147D-4DC4-AA55-4A89B14CF26D}.Release|Any CPU.Build.0 = Release|Any CPU
	EndGlobalSection
	GlobalSection(SolutionProperties) = preSolution
		HideSolutionNode = FALSE
	EndGlobalSection
	GlobalSection(NestedProjects) = preSolution
		{5032DAF0-62AF-4270-8D65-6866CA62443F} = {66578BF5-DC46-4CB6-BB6F-AE55D9C7C413}
		{FC2191AA-AAB3-48BF-9D43-51EE8B81712C} = {A3F37B9D-D5C6-4772-ABD5-4B5D85528F16}
		{BBDC089B-7ADE-479B-9832-9E3043921265} = {B0152CDA-DFFE-40A9-9460-B9C748FA2E3C}
		{2F9E3EEF-A18F-4C79-9528-8F3E071EF3A4} = {4039A1E0-A17B-454A-9DB9-8B0AC7ACB818}
		{BB810E56-A796-4597-B4C2-D21DED6A1130} = {4039A1E0-A17B-454A-9DB9-8B0AC7ACB818}
		{07E5811E-3493-44F1-8DC3-40870F2D46D9} = {4039A1E0-A17B-454A-9DB9-8B0AC7ACB818}
		{06A277E5-147D-4DC4-AA55-4A89B14CF26D} = {2F9E3EEF-A18F-4C79-9528-8F3E071EF3A4}
	EndGlobalSection
EndGlobal
